
Microsoft Visual Studio Solution File, Format Version 12.00
# Visual Studio Version 17
VisualStudioVersion = 17.6.33829.357
MinimumVisualStudioVersion = 10.0.40219.1
Project("{9A19103F-16F7-4668-BE54-9A1E7A4F7556}") = "IceDog.Jint.Shell", "IceDog.Jint.Shell\IceDog.Jint.Shell.csproj", "{34D20229-D6EA-442E-A14B-239D5A53F848}"
EndProject
Project("{2150E333-8FDC-42A3-9474-1A3956D46DE8}") = "docs", "docs", "{3E76CEF6-C49F-4C03-82BA-A75416D7DB5A}"
	ProjectSection(SolutionItems) = preProject
		readme.md = readme.md
	EndProjectSection
EndProject
Project("{9A19103F-16F7-4668-BE54-9A1E7A4F7556}") = "IceDog.Jint.UseModule", "IceDog.Jint.UseModule\IceDog.Jint.UseModule.csproj", "{1F2EB7F3-B70D-4CF8-ADB4-CC80A75CF0E0}"
EndProject
Global
	GlobalSection(SolutionConfigurationPlatforms) = preSolution
		Debug|Any CPU = Debug|Any CPU
		Release|Any CPU = Release|Any CPU
	EndGlobalSection
	GlobalSection(ProjectConfigurationPlatforms) = postSolution
		{34D20229-D6EA-442E-A14B-239D5A53F848}.Debug|Any CPU.ActiveCfg = Debug|Any CPU
		{34D20229-D6EA-442E-A14B-239D5A53F848}.Debug|Any CPU.Build.0 = Debug|Any CPU
		{34D20229-D6EA-442E-A14B-239D5A53F848}.Release|Any CPU.ActiveCfg = Release|Any CPU
		{34D20229-D6EA-442E-A14B-239D5A53F848}.Release|Any CPU.Build.0 = Release|Any CPU
		{1F2EB7F3-B70D-4CF8-ADB4-CC80A75CF0E0}.Debug|Any CPU.ActiveCfg = Debug|Any CPU
		{1F2EB7F3-B70D-4CF8-ADB4-CC80A75CF0E0}.Debug|Any CPU.Build.0 = Debug|Any CPU
		{1F2EB7F3-B70D-4CF8-ADB4-CC80A75CF0E0}.Release|Any CPU.ActiveCfg = Release|Any CPU
		{1F2EB7F3-B70D-4CF8-ADB4-CC80A75CF0E0}.Release|Any CPU.Build.0 = Release|Any CPU
	EndGlobalSection
	GlobalSection(SolutionProperties) = preSolution
		HideSolutionNode = FALSE
	EndGlobalSection
	GlobalSection(ExtensibilityGlobals) = postSolution
		SolutionGuid = {AA04C070-25F8-419F-9A35-0E72AFD47A2A}
	EndGlobalSection
EndGlobal
